
Microsoft Visual Studio Solution File, Format Version 12.00
# Visual Studio Version 16
VisualStudioVersion = 16.0.29424.173
MinimumVisualStudioVersion = 10.0.40219.1
Project("{FAE04EC0-301F-11D3-BF4B-00C04F79EFBC}") = "Console2Xx", "Console2Xx\Console2Xx.csproj", "{0B5C4744-FE48-477D-B5F3-B5C42FCFEEED}"
EndProject
Global
	GlobalSection(SolutionConfigurationPlatforms) = preSolution
		Debug|Any CPU = Debug|Any CPU
		Release|Any CPU = Release|Any CPU
	EndGlobalSection
	GlobalSection(ProjectConfigurationPlatforms) = postSolution
		{0B5C4744-FE48-477D-B5F3-B5C42FCFEEED}.Debug|Any CPU.ActiveCfg = Debug|Any CPU
		{0B5C4744-FE48-477D-B5F3-B5C42FCFEEED}.Debug|Any CPU.Build.0 = Debug|Any CPU
		{0B5C4744-FE48-477D-B5F3-B5C42FCFEEED}.Release|Any CPU.ActiveCfg = Release|Any CPU
		{0B5C4744-FE48-477D-B5F3-B5C42FCFEEED}.Release|Any CPU.Build.0 = Release|Any CPU
	EndGlobalSection
	GlobalSection(SolutionProperties) = preSolution
		HideSolutionNode = FALSE
	EndGlobalSection
	GlobalSection(ExtensibilityGlobals) = postSolution
		SolutionGuid = {142091B1-EA88-4080-A8BE-46A5185F6C6A}
	EndGlobalSection
EndGlobal
